// !$*UTF8*$!
{
	archiveVersion = 1;
	classes = {
	};
	objectVersion = 46;
	objects = {

/* Begin PBXBuildFile section */
		FCDE78A91D427E7800AA4F41 /* AppDelegate.swift in Sources */ = {isa = PBXBuildFile; fileRef = FCDE78A81D427E7800AA4F41 /* AppDelegate.swift */; };
		FCDE78AB1D427E7800AA4F41 /* ViewController.swift in Sources */ = {isa = PBXBuildFile; fileRef = FCDE78AA1D427E7800AA4F41 /* ViewController.swift */; };
		FCDE78AE1D427E7800AA4F41 /* Main.storyboard in Resources */ = {isa = PBXBuildFile; fileRef = FCDE78AC1D427E7800AA4F41 /* Main.storyboard */; };
		FCDE78B01D427E7800AA4F41 /* Assets.xcassets in Resources */ = {isa = PBXBuildFile; fileRef = FCDE78AF1D427E7800AA4F41 /* Assets.xcassets */; };
		FCDE78B31D427E7800AA4F41 /* LaunchScreen.storyboard in Resources */ = {isa = PBXBuildFile; fileRef = FCDE78B11D427E7800AA4F41 /* LaunchScreen.storyboard */; };
/* End PBXBuildFile section */

/* Begin PBXFileReference section */
		FCDE78A51D427E7800AA4F41 /* XcodeVersionControl.app */ = {isa = PBXFileReference; explicitFileType = wrapper.application; includeInIndex = 0; path = XcodeVersionControl.app; sourceTree = BUILT_PRODUCTS_DIR; };
		FCDE78A81D427E7800AA4F41 /* AppDelegate.swift */ = {isa = PBXFileReference; lastKnownFileType = sourcecode.swift; path = AppDelegate.swift; sourceTree = "<group>"; };
		FCDE78AA1D427E7800AA4F41 /* ViewController.swift */ = {isa = PBXFileReference; lastKnownFileType = sourcecode.swift; path = ViewController.swift; sourceTree = "<group>"; };
		FCDE78AD1D427E7800AA4F41 /* Base */ = {isa = PBXFileReference; lastKnownFileType = file.storyboard; name = Base; path = Base.lproj/Main.storyboard; sourceTree = "<group>"; };
		FCDE78AF1D427E7800AA4F41 /* Assets.xcassets */ = {isa = PBXFileReference; lastKnownFileType = folder.assetcatalog; path = Assets.xcassets; sourceTree = "<group>"; };
		FCDE78B21D427E7800AA4F41 /* Base */ = {isa = PBXFileReference; lastKnownFileType = file.storyboard; name = Base; path = Base.lproj/LaunchScreen.storyboard; sourceTree = "<group>"; };
		FCDE78B41D427E7800AA4F41 /* Info.plist */ = {isa = PBXFileReference; lastKnownFileType = text.plist.xml; path = Info.plist; sourceTree = "<group>"; };
/* End PBXFileReference section */

/* Begin PBXFrameworksBuildPhase section */
		FCDE78A21D427E7800AA4F41 /* Frameworks */ = {
			isa = PBXFrameworksBuildPhase;
			buildActionMask = 2147483647;
			files = (
			);
			runOnlyForDeploymentPostprocessing = 0;
		};
/* End PBXFrameworksBuildPhase section */

/* Begin PBXGroup section */
		FCDE789C1D427E7800AA4F41 = {
			isa = PBXGroup;
			children = (
				FCDE78A71D427E7800AA4F41 /* XcodeVersionControl */,
				FCDE78A61D427E7800AA4F41 /* Products */,
			);
			sourceTree = "<group>";
		};
		FCDE78A61D427E7800AA4F41 /* Products */ = {
			isa = PBXGroup;
			children = (
				FCDE78A51D427E7800AA4F41 /* XcodeVersionControl.app */,
			);
			name = Products;
			sourceTree = "<group>";
		};
		FCDE78A71D427E7800AA4F41 /* XcodeVersionControl */ = {
			isa = PBXGroup;
			children = (
				FCDE78A81D427E7800AA4F41 /* AppDelegate.swift */,
				FCDE78AA1D427E7800AA4F41 /* ViewController.swift */,
				FCDE78AC1D427E7800AA4F41 /* Main.storyboard */,
				FCDE78AF1D427E7800AA4F41 /* Assets.xcassets */,
				FCDE78B11D427E7800AA4F41 /* LaunchScreen.storyboard */,
				FCDE78B41D427E7800AA4F41 /* Info.plist */,
			);
			path = XcodeVersionControl;
			sourceTree = "<group>";
		};
/* End PBXGroup section */

/* Begin PBXNativeTarget section */
		FCDE78A41D427E7800AA4F41 /* XcodeVersionControl */ = {
			isa = PBXNativeTarget;
			buildConfigurationList = FCDE78B71D427E7800AA4F41 /* Build configuration list for PBXNativeTarget "XcodeVersionControl" */;
			buildPhases = (
				FCDE78A11D427E7800AA4F41 /* Sources */,
				FCDE78A21D427E7800AA4F41 /* Frameworks */,
				FCDE78A31D427E7800AA4F41 /* Resources */,
			);
			buildRules = (
			);
			dependencies = (
			);
			name = XcodeVersionControl;
			productName = XcodeVersionControl;
			productReference = FCDE78A51D427E7800AA4F41 /* XcodeVersionControl.app */;
			productType = "com.apple.product-type.application";
		};
/* End PBXNativeTarget section */

/* Begin PBXProject section */
		FCDE789D1D427E7800AA4F41 /* Project object */ = {
			isa = PBXProject;
			attributes = {
				LastSwiftUpdateCheck = 0730;
				LastUpgradeCheck = 0730;
				ORGANIZATIONNAME = "Bobby Solberg";
				TargetAttributes = {
					FCDE78A41D427E7800AA4F41 = {
						CreatedOnToolsVersion = 7.3;
					};
				};
			};
			buildConfigurationList = FCDE78A01D427E7800AA4F41 /* Build configuration list for PBXProject "XcodeVersionControl" */;
			compatibilityVersion = "Xcode 3.2";
			developmentRegion = English;
			hasScannedForEncodings = 0;
			knownRegions = (
				en,
				Base,
			);
			mainGroup = FCDE789C1D427E7800AA4F41;
			productRefGroup = FCDE78A61D427E7800AA4F41 /* Products */;
			projectDirPath = "";
			projectRoot = "";
			targets = (
				FCDE78A41D427E7800AA4F41 /* XcodeVersionControl */,
			);
		};
/* End PBXProject section */

/* Begin PBXResourcesBuildPhase section */
		FCDE78A31D427E7800AA4F41 /* Resources */ = {
			isa = PBXResourcesBuildPhase;
			buildActionMask = 2147483647;
			files = (
				FCDE78B31D427E7800AA4F41 /* LaunchScreen.storyboard in Resources */,
				FCDE78B01D427E7800AA4F41 /* Assets.xcassets in Resources */,
				FCDE78AE1D427E7800AA4F41 /* Main.storyboard in Resources */,
			);
			runOnlyForDeploymentPostprocessing = 0;
		};
/* End PBXResourcesBuildPhase section */

/* Begin PBXSourcesBuildPhase section */
		FCDE78A11D427E7800AA4F41 /* Sources */ = {
			isa = PBXSourcesBuildPhase;
			buildActionMask = 2147483647;
			files = (
				FCDE78AB1D427E7800AA4F41 /* ViewController.swift in Sources */,
				FCDE78A91D427E7800AA4F41 /* AppDelegate.swift in Sources */,
			);
			runOnlyForDeploymentPostprocessing = 0;
		};
/* End PBXSourcesBuildPhase section */

/* Begin PBXVariantGroup section */
		FCDE78AC1D427E7800AA4F41 /* Main.storyboard */ = {
			isa = PBXVariantGroup;
			children = (
				FCDE78AD1D427E7800AA4F41 /* Base */,
			);
			name = Main.storyboard;
			sourceTree = "<group>";
		};
		FCDE78B11D427E7800AA4F41 /* LaunchScreen.storyboard */ = {
			isa = PBXVariantGroup;
			children = (
				FCDE78B21D427E7800AA4F41 /* Base */,
			);
			name = LaunchScreen.storyboard;
			sourceTree = "<group>";
		};
/* End PBXVariantGroup section */

/* Begin XCBuildConfiguration section */
		FCDE78B51D427E7800AA4F41 /* Debug */ = {
			isa = XCBuildConfiguration;
			buildSettings = {
				ALWAYS_SEARCH_USER_PATHS = NO;
				CLANG_ANALYZER_NONNULL = YES;
				CLANG_CXX_LANGUAGE_STANDARD = "gnu++0x";
				CLANG_CXX_LIBRARY = "libc++";
				CLANG_ENABLE_MODULES = YES;
				CLANG_ENABLE_OBJC_ARC = YES;
				CLANG_WARN_BOOL_CONVERSION = YES;
				CLANG_WARN_CONSTANT_CONVERSION = YES;
				CLANG_WARN_DIRECT_OBJC_ISA_USAGE = YES_ERROR;
				CLANG_WARN_EMPTY_BODY = YES;
				CLANG_WARN_ENUM_CONVERSION = YES;
				CLANG_WARN_INT_CONVERSION = YES;
				CLANG_WARN_OBJC_ROOT_CLASS = YES_ERROR;
				CLANG_WARN_UNREACHABLE_CODE = YES;
				CLANG_WARN__DUPLICATE_METHOD_MATCH = YES;
				"CODE_SIGN_IDENTITY[sdk=iphoneos*]" = "iPhone Developer";
				COPY_PHASE_STRIP = NO;
				DEBUG_INFORMATION_FORMAT = dwarf;
				ENABLE_STRICT_OBJC_MSGSEND = YES;
				ENABLE_TESTABILITY = YES;
				GCC_C_LANGUAGE_STANDARD = gnu99;
				GCC_DYNAMIC_NO_PIC = NO;
				GCC_NO_COMMON_BLOCKS = YES;
				GCC_OPTIMIZATION_LEVEL = 0;
				GCC_PREPROCESSOR_DEFINITIONS = (
					"DEBUG=1",
					"$(inherited)",
				);
				GCC_WARN_64_TO_32_BIT_CONVERSION = YES;
				GCC_WARN_ABOUT_RETURN_TYPE = YES_ERROR;
				GCC_WARN_UNDECLARED_SELECTOR = YES;
				GCC_WARN_UNINITIALIZED_AUTOS = YES_AGGRESSIVE;
				GCC_WARN_UNUSED_FUNCTION = YES;
				GCC_WARN_UNUSED_VARIABLE = YES;
				IPHONEOS_DEPLOYMENT_TARGET = 9.3;
				MTL_ENABLE_DEBUG_INFO = YES;
				ONLY_ACTIVE_ARCH = YES;
				SDKROOT = iphoneos;
				SWIFT_OPTIMIZATION_LEVEL = "-Onone";
				TARGETED_DEVICE_FAMILY = "1,2";
			};
			name = Debug;
		};
		FCDE78B61D427E7800AA4F41 /* Release */ = {
			isa = XCBuildConfiguration;
			buildSettings = {
				ALWAYS_SEARCH_USER_PATHS = NO;
				CLANG_ANALYZER_NONNULL = YES;
				CLANG_CXX_LANGUAGE_STANDARD = "gnu++0x";
				CLANG_CXX_LIBRARY = "libc++";
				CLANG_ENABLE_MODULES = YES;
				CLANG_ENABLE_OBJC_ARC = YES;
				CLANG_WARN_BOOL_CONVERSION = YES;
				CLANG_WARN_CONSTANT_CONVERSION = YES;
				CLANG_WARN_DIRECT_OBJC_ISA_USAGE = YES_ERROR;
				CLANG_WARN_EMPTY_BODY = YES;
				CLANG_WARN_ENUM_CONVERSION = YES;
				CLANG_WARN_INT_CONVERSION = YES;
				CLANG_WARN_OBJC_ROOT_CLASS = YES_ERROR;
				CLANG_WARN_UNREACHABLE_CODE = YES;
				CLANG_WARN__DUPLICATE_METHOD_MATCH = YES;
				"CODE_SIGN_IDENTITY[sdk=iphoneos*]" = "iPhone Developer";
				COPY_PHASE_STRIP = NO;
				DEBUG_INFORMATION_FORMAT = "dwarf-with-dsym";
				ENABLE_NS_ASSERTIONS = NO;
				ENABLE_STRICT_OBJC_MSGSEND = YES;
				GCC_C_LANGUAGE_STANDARD = gnu99;
				GCC_NO_COMMON_BLOCKS = YES;
				GCC_WARN_64_TO_32_BIT_CONVERSION = YES;
				GCC_WARN_ABOUT_RETURN_TYPE = YES_ERROR;
				GCC_WARN_UNDECLARED_SELECTOR = YES;
				GCC_WARN_UNINITIALIZED_AUTOS = YES_AGGRESSIVE;
				GCC_WARN_UNUSED_FUNCTION = YES;
				GCC_WARN_UNUSED_VARIABLE = YES;
				IPHONEOS_DEPLOYMENT_TARGET = 9.3;
				MTL_ENABLE_DEBUG_INFO = NO;
				SDKROOT = iphoneos;
				TARGETED_DEVICE_FAMILY = "1,2";
				VALIDATE_PRODUCT = YES;
			};
			name = Release;
		};
		FCDE78B81D427E7800AA4F41 /* Debug */ = {
			isa = XCBuildConfiguration;
			buildSettings = {
				ASSETCATALOG_COMPILER_APPICON_NAME = AppIcon;
				INFOPLIST_FILE = XcodeVersionControl/Info.plist;
				LD_RUNPATH_SEARCH_PATHS = "$(inherited) @executable_path/Frameworks";
				PRODUCT_BUNDLE_IDENTIFIER = "Bobby-Solberg.XcodeVersionControl";
				PRODUCT_NAME = "$(TARGET_NAME)";
			};
			name = Debug;
		};
		FCDE78B91D427E7800AA4F41 /* Release */ = {
			isa = XCBuildConfiguration;
			buildSettings = {
				ASSETCATALOG_COMPILER_APPICON_NAME = AppIcon;
				INFOPLIST_FILE = XcodeVersionControl/Info.plist;
				LD_RUNPATH_SEARCH_PATHS = "$(inherited) @executable_path/Frameworks";
				PRODUCT_BUNDLE_IDENTIFIER = "Bobby-Solberg.XcodeVersionControl";
				PRODUCT_NAME = "$(TARGET_NAME)";
			};
			name = Release;
		};
/* End XCBuildConfiguration section */

/* Begin XCConfigurationList section */
		FCDE78A01D427E7800AA4F41 /* Build configuration list for PBXProject "XcodeVersionControl" */ = {
			isa = XCConfigurationList;
			buildConfigurations = (
				FCDE78B51D427E7800AA4F41 /* Debug */,
				FCDE78B61D427E7800AA4F41 /* Release */,
			);
			defaultConfigurationIsVisible = 0;
			defaultConfigurationName = Release;
		};
		FCDE78B71D427E7800AA4F41 /* Build configuration list for PBXNativeTarget "XcodeVersionControl" */ = {
			isa = XCConfigurationList;
			buildConfigurations = (
				FCDE78B81D427E7800AA4F41 /* Debug */,
				FCDE78B91D427E7800AA4F41 /* Release */,
			);
			defaultConfigurationIsVisible = 0;
		};
/* End XCConfigurationList section */
	};
	rootObject = FCDE789D1D427E7800AA4F41 /* Project object */;
}
